
Microsoft Visual Studio Solution File, Format Version 12.00
# Visual Studio Version 16
VisualStudioVersion = 16.0.30114.105
MinimumVisualStudioVersion = 10.0.40219.1
Project("{FAE04EC0-301F-11D3-BF4B-00C04F79EFBC}") = "UniversityNG", "UniversityNG\UniversityNG.csproj", "{F14094CF-F7AF-493D-AF12-DA7060810758}"
EndProject
Global
	GlobalSection(SolutionConfigurationPlatforms) = preSolution
		Debug|Any CPU = Debug|Any CPU
		Release|Any CPU = Release|Any CPU
	EndGlobalSection
	GlobalSection(ProjectConfigurationPlatforms) = postSolution
		{F14094CF-F7AF-493D-AF12-DA7060810758}.Debug|Any CPU.ActiveCfg = Debug|Any CPU
		{F14094CF-F7AF-493D-AF12-DA7060810758}.Debug|Any CPU.Build.0 = Debug|Any CPU
		{F14094CF-F7AF-493D-AF12-DA7060810758}.Release|Any CPU.ActiveCfg = Release|Any CPU
		{F14094CF-F7AF-493D-AF12-DA7060810758}.Release|Any CPU.Build.0 = Release|Any CPU
	EndGlobalSection
	GlobalSection(SolutionProperties) = preSolution
		HideSolutionNode = FALSE
	EndGlobalSection
	GlobalSection(ExtensibilityGlobals) = postSolution
		SolutionGuid = {3DAD570C-D597-4AAE-9D2D-ACFC03E09AA1}
	EndGlobalSection
EndGlobal
